
Microsoft Visual Studio Solution File, Format Version 12.00
# Visual Studio Version 17
VisualStudioVersion = 17.3.32901.215
MinimumVisualStudioVersion = 10.0.40219.1
Project("{8BC9CEB8-8B4A-11D0-8D11-00A0C91BC942}") = "Matrix", "Matrix\Matrix.vcxproj", "{1AA2BD0E-113D-4FC0-A864-44DE903C3584}"
EndProject
Project("{8BC9CEB8-8B4A-11D0-8D11-00A0C91BC942}") = "Generator", "Generator\Generator.vcxproj", "{EDE3EDF9-35FD-47D7-A34F-B7468591F05A}"
EndProject
Project("{8BC9CEB8-8B4A-11D0-8D11-00A0C91BC942}") = "Exercise", "Exercise\Exercise.vcxproj", "{88796ADB-3048-4331-AF84-257C01E57435}"
	ProjectSection(ProjectDependencies) = postProject
		{EDE3EDF9-35FD-47D7-A34F-B7468591F05A} = {EDE3EDF9-35FD-47D7-A34F-B7468591F05A}
	EndProjectSection
EndProject
Project("{8BC9CEB8-8B4A-11D0-8D11-00A0C91BC942}") = "Demo", "Demo\Demo.vcxproj", "{33C156FC-D456-48F1-B63E-7C52D25B7621}"
EndProject
Project("{8BC9CEB8-8B4A-11D0-8D11-00A0C91BC942}") = "Test", "Test\Test.vcxproj", "{A3BFB177-2FE9-4E98-8FB3-794AE5396F1B}"
EndProject
Global
	GlobalSection(SolutionConfigurationPlatforms) = preSolution
		Debug|x64 = Debug|x64
		Debug|x86 = Debug|x86
		Release|x64 = Release|x64
		Release|x86 = Release|x86
	EndGlobalSection
	GlobalSection(ProjectConfigurationPlatforms) = postSolution
		{1AA2BD0E-113D-4FC0-A864-44DE903C3584}.Debug|x64.ActiveCfg = Debug|x64
		{1AA2BD0E-113D-4FC0-A864-44DE903C3584}.Debug|x64.Build.0 = Debug|x64
		{1AA2BD0E-113D-4FC0-A864-44DE903C3584}.Debug|x86.ActiveCfg = Debug|Win32
		{1AA2BD0E-113D-4FC0-A864-44DE903C3584}.Debug|x86.Build.0 = Debug|Win32
		{1AA2BD0E-113D-4FC0-A864-44DE903C3584}.Release|x64.ActiveCfg = Release|x64
		{1AA2BD0E-113D-4FC0-A864-44DE903C3584}.Release|x64.Build.0 = Release|x64
		{1AA2BD0E-113D-4FC0-A864-44DE903C3584}.Release|x86.ActiveCfg = Release|Win32
		{1AA2BD0E-113D-4FC0-A864-44DE903C3584}.Release|x86.Build.0 = Release|Win32
		{EDE3EDF9-35FD-47D7-A34F-B7468591F05A}.Debug|x64.ActiveCfg = Debug|x64
		{EDE3EDF9-35FD-47D7-A34F-B7468591F05A}.Debug|x64.Build.0 = Debug|x64
		{EDE3EDF9-35FD-47D7-A34F-B7468591F05A}.Debug|x86.ActiveCfg = Debug|Win32
		{EDE3EDF9-35FD-47D7-A34F-B7468591F05A}.Debug|x86.Build.0 = Debug|Win32
		{EDE3EDF9-35FD-47D7-A34F-B7468591F05A}.Release|x64.ActiveCfg = Release|x64
		{EDE3EDF9-35FD-47D7-A34F-B7468591F05A}.Release|x64.Build.0 = Release|x64
		{EDE3EDF9-35FD-47D7-A34F-B7468591F05A}.Release|x86.ActiveCfg = Release|Win32
		{EDE3EDF9-35FD-47D7-A34F-B7468591F05A}.Release|x86.Build.0 = Release|Win32
		{88796ADB-3048-4331-AF84-257C01E57435}.Debug|x64.ActiveCfg = Debug|x64
		{88796ADB-3048-4331-AF84-257C01E57435}.Debug|x64.Build.0 = Debug|x64
		{88796ADB-3048-4331-AF84-257C01E57435}.Debug|x86.ActiveCfg = Debug|Win32
		{88796ADB-3048-4331-AF84-257C01E57435}.Debug|x86.Build.0 = Debug|Win32
		{88796ADB-3048-4331-AF84-257C01E57435}.Release|x64.ActiveCfg = Release|x64
		{88796ADB-3048-4331-AF84-257C01E57435}.Release|x64.Build.0 = Release|x64
		{88796ADB-3048-4331-AF84-257C01E57435}.Release|x86.ActiveCfg = Release|Win32
		{88796ADB-3048-4331-AF84-257C01E57435}.Release|x86.Build.0 = Release|Win32
		{33C156FC-D456-48F1-B63E-7C52D25B7621}.Debug|x64.ActiveCfg = Debug|x64
		{33C156FC-D456-48F1-B63E-7C52D25B7621}.Debug|x64.Build.0 = Debug|x64
		{33C156FC-D456-48F1-B63E-7C52D25B7621}.Debug|x86.ActiveCfg = Debug|Win32
		{33C156FC-D456-48F1-B63E-7C52D25B7621}.Debug|x86.Build.0 = Debug|Win32
		{33C156FC-D456-48F1-B63E-7C52D25B7621}.Release|x64.ActiveCfg = Release|x64
		{33C156FC-D456-48F1-B63E-7C52D25B7621}.Release|x64.Build.0 = Release|x64
		{33C156FC-D456-48F1-B63E-7C52D25B7621}.Release|x86.ActiveCfg = Release|Win32
		{33C156FC-D456-48F1-B63E-7C52D25B7621}.Release|x86.Build.0 = Release|Win32
		{A3BFB177-2FE9-4E98-8FB3-794AE5396F1B}.Debug|x64.ActiveCfg = Debug|x64
		{A3BFB177-2FE9-4E98-8FB3-794AE5396F1B}.Debug|x64.Build.0 = Debug|x64
		{A3BFB177-2FE9-4E98-8FB3-794AE5396F1B}.Debug|x86.ActiveCfg = Debug|Win32
		{A3BFB177-2FE9-4E98-8FB3-794AE5396F1B}.Debug|x86.Build.0 = Debug|Win32
		{A3BFB177-2FE9-4E98-8FB3-794AE5396F1B}.Release|x64.ActiveCfg = Release|x64
		{A3BFB177-2FE9-4E98-8FB3-794AE5396F1B}.Release|x64.Build.0 = Release|x64
		{A3BFB177-2FE9-4E98-8FB3-794AE5396F1B}.Release|x86.ActiveCfg = Release|Win32
		{A3BFB177-2FE9-4E98-8FB3-794AE5396F1B}.Release|x86.Build.0 = Release|Win32
	EndGlobalSection
	GlobalSection(SolutionProperties) = preSolution
		HideSolutionNode = FALSE
	EndGlobalSection
	GlobalSection(ExtensibilityGlobals) = postSolution
		SolutionGuid = {17723573-9E59-408F-B2ED-D256E0C3395B}
	EndGlobalSection
EndGlobal
